
Microsoft Visual Studio Solution File, Format Version 11.00
# Visual Studio 2010
Project("{8BC9CEB8-8B4A-11D0-8D11-00A0C91BC942}") = "Kernel", "Kernel\Kernel.vcxproj", "{4B23D1AC-B07F-4167-B00F-F6C3246FA233}"
EndProject
Project("{8BC9CEB8-8B4A-11D0-8D11-00A0C91BC942}") = "mU", "mU\mU.vcxproj", "{3B015A97-3412-46CA-8EA0-DFC4E9D202FA}"
EndProject
Project("{8BC9CEB8-8B4A-11D0-8D11-00A0C91BC942}") = "Parser", "Parser\Parser.vcxproj", "{8417BF8D-9C6B-4936-A70A-9108F440F230}"
EndProject
Project("{8BC9CEB8-8B4A-11D0-8D11-00A0C91BC942}") = "System", "System\System.vcxproj", "{C5987D3E-E1D9-409E-B863-57E9281E9B4F}"
EndProject
Project("{8BC9CEB8-8B4A-11D0-8D11-00A0C91BC942}") = "String", "String\String.vcxproj", "{F7854680-015C-490E-B639-9B2CC3A13875}"
EndProject
Project("{8BC9CEB8-8B4A-11D0-8D11-00A0C91BC942}") = "Interface", "Interface\Interface.vcxproj", "{DDF87C63-2A9E-4C36-AB4D-82FEB8F0A97D}"
EndProject
Project("{8BC9CEB8-8B4A-11D0-8D11-00A0C91BC942}") = "Number", "Number\Number.vcxproj", "{7F3B1D3C-CAFE-4B22-B629-DE4B012109E5}"
	ProjectSection(ProjectDependencies) = postProject
		{4B23D1AC-B07F-4167-B00F-F6C3246FA233} = {4B23D1AC-B07F-4167-B00F-F6C3246FA233}
	EndProjectSection
EndProject
Project("{8BC9CEB8-8B4A-11D0-8D11-00A0C91BC942}") = "Function", "Function\Function.vcxproj", "{C54118E8-1BD5-46CB-8213-115425DE1435}"
	ProjectSection(ProjectDependencies) = postProject
		{4B23D1AC-B07F-4167-B00F-F6C3246FA233} = {4B23D1AC-B07F-4167-B00F-F6C3246FA233}
	EndProjectSection
EndProject
Project("{8BC9CEB8-8B4A-11D0-8D11-00A0C91BC942}") = "Polynomial", "Polynomial\Polynomial.vcxproj", "{825C6BFC-839C-4D9B-BD78-63596C724439}"
	ProjectSection(ProjectDependencies) = postProject
		{4B23D1AC-B07F-4167-B00F-F6C3246FA233} = {4B23D1AC-B07F-4167-B00F-F6C3246FA233}
	EndProjectSection
EndProject
Global
	GlobalSection(SolutionConfigurationPlatforms) = preSolution
		Debug|Win32 = Debug|Win32
		Release|Win32 = Release|Win32
	EndGlobalSection
	GlobalSection(ProjectConfigurationPlatforms) = postSolution
		{4B23D1AC-B07F-4167-B00F-F6C3246FA233}.Debug|Win32.ActiveCfg = Debug|Win32
		{4B23D1AC-B07F-4167-B00F-F6C3246FA233}.Debug|Win32.Build.0 = Debug|Win32
		{4B23D1AC-B07F-4167-B00F-F6C3246FA233}.Release|Win32.ActiveCfg = Release|Win32
		{4B23D1AC-B07F-4167-B00F-F6C3246FA233}.Release|Win32.Build.0 = Release|Win32
		{3B015A97-3412-46CA-8EA0-DFC4E9D202FA}.Debug|Win32.ActiveCfg = Debug|Win32
		{3B015A97-3412-46CA-8EA0-DFC4E9D202FA}.Debug|Win32.Build.0 = Debug|Win32
		{3B015A97-3412-46CA-8EA0-DFC4E9D202FA}.Release|Win32.ActiveCfg = Release|Win32
		{3B015A97-3412-46CA-8EA0-DFC4E9D202FA}.Release|Win32.Build.0 = Release|Win32
		{8417BF8D-9C6B-4936-A70A-9108F440F230}.Debug|Win32.ActiveCfg = Debug|Win32
		{8417BF8D-9C6B-4936-A70A-9108F440F230}.Debug|Win32.Build.0 = Debug|Win32
		{8417BF8D-9C6B-4936-A70A-9108F440F230}.Release|Win32.ActiveCfg = Release|Win32
		{8417BF8D-9C6B-4936-A70A-9108F440F230}.Release|Win32.Build.0 = Release|Win32
		{C5987D3E-E1D9-409E-B863-57E9281E9B4F}.Debug|Win32.ActiveCfg = Debug|Win32
		{C5987D3E-E1D9-409E-B863-57E9281E9B4F}.Debug|Win32.Build.0 = Debug|Win32
		{C5987D3E-E1D9-409E-B863-57E9281E9B4F}.Release|Win32.ActiveCfg = Release|Win32
		{C5987D3E-E1D9-409E-B863-57E9281E9B4F}.Release|Win32.Build.0 = Release|Win32
		{F7854680-015C-490E-B639-9B2CC3A13875}.Debug|Win32.ActiveCfg = Debug|Win32
		{F7854680-015C-490E-B639-9B2CC3A13875}.Debug|Win32.Build.0 = Debug|Win32
		{F7854680-015C-490E-B639-9B2CC3A13875}.Release|Win32.ActiveCfg = Release|Win32
		{F7854680-015C-490E-B639-9B2CC3A13875}.Release|Win32.Build.0 = Release|Win32
		{DDF87C63-2A9E-4C36-AB4D-82FEB8F0A97D}.Debug|Win32.ActiveCfg = Debug|Win32
		{DDF87C63-2A9E-4C36-AB4D-82FEB8F0A97D}.Debug|Win32.Build.0 = Debug|Win32
		{DDF87C63-2A9E-4C36-AB4D-82FEB8F0A97D}.Release|Win32.ActiveCfg = Release|Win32
		{DDF87C63-2A9E-4C36-AB4D-82FEB8F0A97D}.Release|Win32.Build.0 = Release|Win32
		{7F3B1D3C-CAFE-4B22-B629-DE4B012109E5}.Debug|Win32.ActiveCfg = Debug|Win32
		{7F3B1D3C-CAFE-4B22-B629-DE4B012109E5}.Debug|Win32.Build.0 = Debug|Win32
		{7F3B1D3C-CAFE-4B22-B629-DE4B012109E5}.Release|Win32.ActiveCfg = Release|Win32
		{7F3B1D3C-CAFE-4B22-B629-DE4B012109E5}.Release|Win32.Build.0 = Release|Win32
		{C54118E8-1BD5-46CB-8213-115425DE1435}.Debug|Win32.ActiveCfg = Debug|Win32
		{C54118E8-1BD5-46CB-8213-115425DE1435}.Debug|Win32.Build.0 = Debug|Win32
		{C54118E8-1BD5-46CB-8213-115425DE1435}.Release|Win32.ActiveCfg = Release|Win32
		{C54118E8-1BD5-46CB-8213-115425DE1435}.Release|Win32.Build.0 = Release|Win32
		{825C6BFC-839C-4D9B-BD78-63596C724439}.Debug|Win32.ActiveCfg = Debug|Win32
		{825C6BFC-839C-4D9B-BD78-63596C724439}.Debug|Win32.Build.0 = Debug|Win32
		{825C6BFC-839C-4D9B-BD78-63596C724439}.Release|Win32.ActiveCfg = Release|Win32
		{825C6BFC-839C-4D9B-BD78-63596C724439}.Release|Win32.Build.0 = Release|Win32
	EndGlobalSection
	GlobalSection(SolutionProperties) = preSolution
		HideSolutionNode = FALSE
	EndGlobalSection
EndGlobal
