<?xml version="1.0" encoding="utf-8"?>
<Project ToolsVersion="4.0" xmlns="http://schemas.microsoft.com/developer/msbuild/2003">
  <ItemGroup>
    <Filter Include="源文件">
      <UniqueIdentifier>{4FC737F1-C7A5-4376-A066-2A32D752A2FF}</UniqueIdentifier>
      <Extensions>cpp;c;cc;cxx;def;odl;idl;hpj;bat;asm;asmx</Extensions>
    </Filter>
    <Filter Include="头文件">
      <UniqueIdentifier>{93995380-89BD-4b04-88EB-625FBE52EBFB}</UniqueIdentifier>
      <Extensions>h;hpp;hxx;hm;inl;inc;xsd</Extensions>
    </Filter>
    <Filter Include="资源文件">
      <UniqueIdentifier>{67DA6AB6-F800-4c08-8B7A-83BB121AAD01}</UniqueIdentifier>
      <Extensions>rc;ico;cur;bmp;dlg;rc2;rct;bin;rgs;gif;jpg;jpeg;jpe;resx;tiff;tif;png;wav</Extensions>
    </Filter>
  </ItemGroup>
  <ItemGroup>
    <ClInclude Include="..\..\Package\Graphics\common.h">
      <Filter>源文件</Filter>
    </ClInclude>
    <ClInclude Include="..\..\Package\Graphics\CommonCurve.h">
      <Filter>源文件</Filter>
    </ClInclude>
    <ClInclude Include="..\..\Package\Graphics\CommonCurveWithPlotRange.h">
      <Filter>源文件</Filter>
    </ClInclude>
    <ClInclude Include="..\..\Package\Graphics\ContourPlot.h">
      <Filter>源文件</Filter>
    </ClInclude>
    <ClInclude Include="..\..\Package\Graphics\ContourPlot3D.h">
      <Filter>源文件</Filter>
    </ClInclude>
    <ClInclude Include="..\..\Package\Graphics\Curve.h">
      <Filter>源文件</Filter>
    </ClInclude>
    <ClInclude Include="..\..\Package\Graphics\Curve3D.h">
      <Filter>源文件</Filter>
    </ClInclude>
    <ClInclude Include="..\..\Package\Graphics\F1P.h">
      <Filter>源文件</Filter>
    </ClInclude>
    <ClInclude Include="..\..\Package\Graphics\F2P.h">
      <Filter>源文件</Filter>
    </ClInclude>
    <ClInclude Include="..\..\Package\Graphics\F3P.h">
      <Filter>源文件</Filter>
    </ClInclude>
    <ClInclude Include="..\..\Package\Graphics\GraphicsMaker.h">
      <Filter>源文件</Filter>
    </ClInclude>
    <ClInclude Include="..\..\Package\Graphics\GraphicsMaker2D.h">
      <Filter>源文件</Filter>
    </ClInclude>
    <ClInclude Include="..\..\Package\Graphics\GraphicsMaker3D.h">
      <Filter>源文件</Filter>
    </ClInclude>
    <ClInclude Include="..\..\Package\Graphics\ImplicitCurve.h">
      <Filter>源文件</Filter>
    </ClInclude>
    <ClInclude Include="..\..\Package\Graphics\ImplicitSurface.h">
      <Filter>源文件</Filter>
    </ClInclude>
    <ClInclude Include="..\..\Package\Graphics\IndexedQuadArray.h">
      <Filter>源文件</Filter>
    </ClInclude>
    <ClInclude Include="..\..\Package\Graphics\IndexedQuadArray3D.h">
      <Filter>源文件</Filter>
    </ClInclude>
    <ClInclude Include="..\..\Package\Graphics\ListPlot.h">
      <Filter>源文件</Filter>
    </ClInclude>
    <ClInclude Include="..\..\Package\Graphics\ParametricCurve.h">
      <Filter>源文件</Filter>
    </ClInclude>
    <ClInclude Include="..\..\Package\Graphics\ParametricCurve3D.h">
      <Filter>源文件</Filter>
    </ClInclude>
    <ClInclude Include="..\..\Package\Graphics\ParametricCurvePlot.h">
      <Filter>源文件</Filter>
    </ClInclude>
    <ClInclude Include="..\..\Package\Graphics\ParametricCurvePlot3D.h">
      <Filter>源文件</Filter>
    </ClInclude>
    <ClInclude Include="..\..\Package\Graphics\ParametricRegion.h">
      <Filter>源文件</Filter>
    </ClInclude>
    <ClInclude Include="..\..\Package\Graphics\ParametricRegionPlot.h">
      <Filter>源文件</Filter>
    </ClInclude>
    <ClInclude Include="..\..\Package\Graphics\ParametricSurface.h">
      <Filter>源文件</Filter>
    </ClInclude>
    <ClInclude Include="..\..\Package\Graphics\ParametricSurfacePlot3D.h">
      <Filter>源文件</Filter>
    </ClInclude>
    <ClInclude Include="..\..\Package\Graphics\Plot.h">
      <Filter>源文件</Filter>
    </ClInclude>
    <ClInclude Include="..\..\Package\Graphics\Plot3D.h">
      <Filter>源文件</Filter>
    </ClInclude>
    <ClInclude Include="..\..\Package\Graphics\PolarCurve.h">
      <Filter>源文件</Filter>
    </ClInclude>
    <ClInclude Include="..\..\Package\Graphics\PolarPlot.h">
      <Filter>源文件</Filter>
    </ClInclude>
    <ClInclude Include="..\..\Package\Graphics\Surface.h">
      <Filter>源文件</Filter>
    </ClInclude>
  </ItemGroup>
  <ItemGroup>
    <ClCompile Include="..\..\Package\Graphics\CommonCurve.cpp">
      <Filter>源文件</Filter>
    </ClCompile>
    <ClCompile Include="..\..\Package\Graphics\CommonCurveWithPlotRange.cpp">
      <Filter>源文件</Filter>
    </ClCompile>
    <ClCompile Include="..\..\Package\Graphics\ContourPlot.cpp">
      <Filter>源文件</Filter>
    </ClCompile>
    <ClCompile Include="..\..\Package\Graphics\ContourPlot3D.cpp">
      <Filter>源文件</Filter>
    </ClCompile>
    <ClCompile Include="..\..\Package\Graphics\Curve.cpp">
      <Filter>源文件</Filter>
    </ClCompile>
    <ClCompile Include="..\..\Package\Graphics\Curve3D.cpp">
      <Filter>源文件</Filter>
    </ClCompile>
    <ClCompile Include="..\..\Package\Graphics\F1P.cpp">
      <Filter>源文件</Filter>
    </ClCompile>
    <ClCompile Include="..\..\Package\Graphics\F2P.cpp">
      <Filter>源文件</Filter>
    </ClCompile>
    <ClCompile Include="..\..\Package\Graphics\F3P.cpp">
      <Filter>源文件</Filter>
    </ClCompile>
    <ClCompile Include="..\..\Package\Graphics\Graphics.cpp">
      <Filter>源文件</Filter>
    </ClCompile>
    <ClCompile Include="..\..\Package\Graphics\GraphicsMaker.cpp">
      <Filter>源文件</Filter>
    </ClCompile>
    <ClCompile Include="..\..\Package\Graphics\GraphicsMaker2D.cpp">
      <Filter>源文件</Filter>
    </ClCompile>
    <ClCompile Include="..\..\Package\Graphics\GraphicsMaker3D.cpp">
      <Filter>源文件</Filter>
    </ClCompile>
    <ClCompile Include="..\..\Package\Graphics\ImplicitCurve.cpp">
      <Filter>源文件</Filter>
    </ClCompile>
    <ClCompile Include="..\..\Package\Graphics\ImplicitSurface.cpp">
      <Filter>源文件</Filter>
    </ClCompile>
    <ClCompile Include="..\..\Package\Graphics\IndexedQuadArray.cpp">
      <Filter>源文件</Filter>
    </ClCompile>
    <ClCompile Include="..\..\Package\Graphics\IndexedQuadArray3D.cpp">
      <Filter>源文件</Filter>
    </ClCompile>
    <ClCompile Include="..\..\Package\Graphics\ListPlot.cpp">
      <Filter>源文件</Filter>
    </ClCompile>
    <ClCompile Include="..\..\Package\Graphics\ParametricCurve.cpp">
      <Filter>源文件</Filter>
    </ClCompile>
    <ClCompile Include="..\..\Package\Graphics\ParametricCurve3D.cpp">
      <Filter>源文件</Filter>
    </ClCompile>
    <ClCompile Include="..\..\Package\Graphics\ParametricCurvePlot.cpp">
      <Filter>源文件</Filter>
    </ClCompile>
    <ClCompile Include="..\..\Package\Graphics\ParametricCurvePlot3D.cpp">
      <Filter>源文件</Filter>
    </ClCompile>
    <ClCompile Include="..\..\Package\Graphics\ParametricRegion.cpp">
      <Filter>源文件</Filter>
    </ClCompile>
    <ClCompile Include="..\..\Package\Graphics\ParametricRegionPlot.cpp">
      <Filter>源文件</Filter>
    </ClCompile>
    <ClCompile Include="..\..\Package\Graphics\ParametricSurface.cpp">
      <Filter>源文件</Filter>
    </ClCompile>
    <ClCompile Include="..\..\Package\Graphics\ParametricSurfacePlot3D.cpp">
      <Filter>源文件</Filter>
    </ClCompile>
    <ClCompile Include="..\..\Package\Graphics\Plot.cpp">
      <Filter>源文件</Filter>
    </ClCompile>
    <ClCompile Include="..\..\Package\Graphics\Plot3D.cpp">
      <Filter>源文件</Filter>
    </ClCompile>
    <ClCompile Include="..\..\Package\Graphics\PolarCurve.cpp">
      <Filter>源文件</Filter>
    </ClCompile>
    <ClCompile Include="..\..\Package\Graphics\PolarPlot.cpp">
      <Filter>源文件</Filter>
    </ClCompile>
    <ClCompile Include="..\..\Package\Graphics\Surface.cpp">
      <Filter>源文件</Filter>
    </ClCompile>
  </ItemGroup>
</Project>